{
  "name": "jev-gateway-bench",
  "version": "0.1.0",
  "lockfileVersion": 3,
  "requires": true,
  "packages": {
    "": {
      "name": "jev-gateway-bench",
      "version": "0.1.0",
      "license": "MIT",
      "dependencies": {
        "jev-gateway": "^0.4.3"
      },
      "engines": {
        "node": ">=22.15"
      }
    },
    "node_modules/@hono/node-server": {
      "version": "2.1.1",
      "resolved": "https://registry.npmjs.org/@hono/node-server/-/node-server-2.1.1.tgz",
      "integrity": "sha512-ELuehkj5VCBdgEw9zs+ivkKwyzzUCSQuE96YmiPvn1ECBoZCczbFXJLeEGMTYjphP6gydh4pHMqEYPVMYUVgQg==",
      "license": "MIT",
      "engines": {
        "node": ">=20"
      },
      "peerDependencies": {
        "hono": "^4"
      }
    },
    "node_modules/hono": {
      "version": "4.13.8",
      "resolved": "https://registry.npmjs.org/hono/-/hono-4.13.8.tgz",
      "integrity": "sha512-/Gng7NfoykZl2pjukW5Z6+8Yxm3BPRf86GTbQnt0SbySkvax4fyL4H3HhY1cCpBGmiW9XDRFzRV+CXK2W8QudQ==",
      "license": "MIT",
      "engines": {
        "node": ">=16.9.0"
      }
    },
    "node_modules/jev-gateway": {
      "version": "0.4.3",
      "resolved": "https://registry.npmjs.org/jev-gateway/-/jev-gateway-0.4.3.tgz",
      "integrity": "sha512-cppxz7GzJucsm/Y7SeQkMUnP0ahBj7dH++Yzdo/eqsi3UEk+LOiCfRnG7jVEtURKTMYLybyoX1Di0fAhb5skOA==",
      "license": "MIT",
      "dependencies": {
        "@hono/node-server": "^2.1.1",
        "hono": "^4.13.8"
      },
      "bin": {
        "jev-claude": "bin/jev-claude.mjs",
        "jev-codex": "bin/jev-codex.mjs",
        "jev-gemini": "bin/jev-gemini.mjs",
        "jev-opencode": "bin/jev-opencode.mjs"
      },
      "engines": {
        "node": ">=22.15"
      }
    }
  }
}
